
Microsoft Visual Studio Solution File, Format Version 12.00
# Visual Studio Version 17
VisualStudioVersion = 17.11.35312.102
MinimumVisualStudioVersion = 10.0.40219.1
Project("{FAE04EC0-301F-11D3-BF4B-00C04F79EFBC}") = "29-10-24_generic", "29-10-24_generic\29-10-24_generic.csproj", "{8E3E4CE5-AF87-47E8-AE20-DE957D49977E}"
EndProject
Global
	GlobalSection(SolutionConfigurationPlatforms) = preSolution
		Debug|Any CPU = Debug|Any CPU
		Release|Any CPU = Release|Any CPU
	EndGlobalSection
	GlobalSection(ProjectConfigurationPlatforms) = postSolution
		{8E3E4CE5-AF87-47E8-AE20-DE957D49977E}.Debug|Any CPU.ActiveCfg = Debug|Any CPU
		{8E3E4CE5-AF87-47E8-AE20-DE957D49977E}.Debug|Any CPU.Build.0 = Debug|Any CPU
		{8E3E4CE5-AF87-47E8-AE20-DE957D49977E}.Release|Any CPU.ActiveCfg = Release|Any CPU
		{8E3E4CE5-AF87-47E8-AE20-DE957D49977E}.Release|Any CPU.Build.0 = Release|Any CPU
	EndGlobalSection
	GlobalSection(SolutionProperties) = preSolution
		HideSolutionNode = FALSE
	EndGlobalSection
	GlobalSection(ExtensibilityGlobals) = postSolution
		SolutionGuid = {32A8F367-F4ED-46AA-A680-99577321B920}
	EndGlobalSection
EndGlobal
