
Microsoft Visual Studio Solution File, Format Version 12.00
# Visual Studio Version 17
VisualStudioVersion = 17.11.35312.102
MinimumVisualStudioVersion = 10.0.40219.1
Project("{FAE04EC0-301F-11D3-BF4B-00C04F79EFBC}") = "WeapenTask-oop", "WeapenTask-oop\WeapenTask-oop.csproj", "{18206A51-8CA2-4BFD-9C4B-A5B8224CFA8F}"
EndProject
Global
	GlobalSection(SolutionConfigurationPlatforms) = preSolution
		Debug|Any CPU = Debug|Any CPU
		Release|Any CPU = Release|Any CPU
	EndGlobalSection
	GlobalSection(ProjectConfigurationPlatforms) = postSolution
		{18206A51-8CA2-4BFD-9C4B-A5B8224CFA8F}.Debug|Any CPU.ActiveCfg = Debug|Any CPU
		{18206A51-8CA2-4BFD-9C4B-A5B8224CFA8F}.Debug|Any CPU.Build.0 = Debug|Any CPU
		{18206A51-8CA2-4BFD-9C4B-A5B8224CFA8F}.Release|Any CPU.ActiveCfg = Release|Any CPU
		{18206A51-8CA2-4BFD-9C4B-A5B8224CFA8F}.Release|Any CPU.Build.0 = Release|Any CPU
	EndGlobalSection
	GlobalSection(SolutionProperties) = preSolution
		HideSolutionNode = FALSE
	EndGlobalSection
	GlobalSection(ExtensibilityGlobals) = postSolution
		SolutionGuid = {A07C7A66-DACA-41BD-AE0E-AD46592A8DD6}
	EndGlobalSection
EndGlobal
