
Microsoft Visual Studio Solution File, Format Version 12.00
# Visual Studio Version 17
VisualStudioVersion = 17.11.35312.102
MinimumVisualStudioVersion = 10.0.40219.1
Project("{FAE04EC0-301F-11D3-BF4B-00C04F79EFBC}") = "linkedList", "linkedList\linkedList.csproj", "{9016B36D-EE44-40EC-8B30-ED3419AD61EB}"
EndProject
Global
	GlobalSection(SolutionConfigurationPlatforms) = preSolution
		Debug|Any CPU = Debug|Any CPU
		Release|Any CPU = Release|Any CPU
	EndGlobalSection
	GlobalSection(ProjectConfigurationPlatforms) = postSolution
		{9016B36D-EE44-40EC-8B30-ED3419AD61EB}.Debug|Any CPU.ActiveCfg = Debug|Any CPU
		{9016B36D-EE44-40EC-8B30-ED3419AD61EB}.Debug|Any CPU.Build.0 = Debug|Any CPU
		{9016B36D-EE44-40EC-8B30-ED3419AD61EB}.Release|Any CPU.ActiveCfg = Release|Any CPU
		{9016B36D-EE44-40EC-8B30-ED3419AD61EB}.Release|Any CPU.Build.0 = Release|Any CPU
	EndGlobalSection
	GlobalSection(SolutionProperties) = preSolution
		HideSolutionNode = FALSE
	EndGlobalSection
	GlobalSection(ExtensibilityGlobals) = postSolution
		SolutionGuid = {E59424B7-F8D1-4499-ADB8-59EF7DF6BCBC}
	EndGlobalSection
EndGlobal
